
Microsoft Visual Studio Solution File, Format Version 12.00
# Visual Studio Version 17
VisualStudioVersion = 17.10.35013.160
MinimumVisualStudioVersion = 10.0.40219.1
Project("{FAE04EC0-301F-11D3-BF4B-00C04F79EFBC}") = "ArashiDNS.Aha", "ArashiDNS.Aha.csproj", "{1F4E9A2B-C4CE-4503-94D2-0ECE62F7F93A}"
EndProject
Global
	GlobalSection(SolutionConfigurationPlatforms) = preSolution
		Debug|Any CPU = Debug|Any CPU
		Release|Any CPU = Release|Any CPU
	EndGlobalSection
	GlobalSection(ProjectConfigurationPlatforms) = postSolution
		{1F4E9A2B-C4CE-4503-94D2-0ECE62F7F93A}.Debug|Any CPU.ActiveCfg = Debug|Any CPU
		{1F4E9A2B-C4CE-4503-94D2-0ECE62F7F93A}.Debug|Any CPU.Build.0 = Debug|Any CPU
		{1F4E9A2B-C4CE-4503-94D2-0ECE62F7F93A}.Release|Any CPU.ActiveCfg = Release|Any CPU
		{1F4E9A2B-C4CE-4503-94D2-0ECE62F7F93A}.Release|Any CPU.Build.0 = Release|Any CPU
	EndGlobalSection
	GlobalSection(SolutionProperties) = preSolution
		HideSolutionNode = FALSE
	EndGlobalSection
	GlobalSection(ExtensibilityGlobals) = postSolution
		SolutionGuid = {462CE980-CEF4-4187-B516-B381B24C964C}
	EndGlobalSection
EndGlobal
